
Microsoft Visual Studio Solution File, Format Version 12.00
# Visual Studio Version 17
VisualStudioVersion = 17.10.34916.146
MinimumVisualStudioVersion = 10.0.40219.1
Project("{FAE04EC0-301F-11D3-BF4B-00C04F79EFBC}") = "App Notas", "App Notas\App Notas.csproj", "{836962EF-BBCF-458A-B5EA-DE1AE6C59278}"
EndProject
Global
	GlobalSection(SolutionConfigurationPlatforms) = preSolution
		Debug|Any CPU = Debug|Any CPU
		Release|Any CPU = Release|Any CPU
	EndGlobalSection
	GlobalSection(ProjectConfigurationPlatforms) = postSolution
		{836962EF-BBCF-458A-B5EA-DE1AE6C59278}.Debug|Any CPU.ActiveCfg = Debug|Any CPU
		{836962EF-BBCF-458A-B5EA-DE1AE6C59278}.Debug|Any CPU.Build.0 = Debug|Any CPU
		{836962EF-BBCF-458A-B5EA-DE1AE6C59278}.Debug|Any CPU.Deploy.0 = Debug|Any CPU
		{836962EF-BBCF-458A-B5EA-DE1AE6C59278}.Release|Any CPU.ActiveCfg = Release|Any CPU
		{836962EF-BBCF-458A-B5EA-DE1AE6C59278}.Release|Any CPU.Build.0 = Release|Any CPU
		{836962EF-BBCF-458A-B5EA-DE1AE6C59278}.Release|Any CPU.Deploy.0 = Release|Any CPU
	EndGlobalSection
	GlobalSection(SolutionProperties) = preSolution
		HideSolutionNode = FALSE
	EndGlobalSection
	GlobalSection(ExtensibilityGlobals) = postSolution
		SolutionGuid = {FB4C7C99-23E2-4ADA-B8A4-DBC8B0447B97}
	EndGlobalSection
EndGlobal
